
Microsoft Visual Studio Solution File, Format Version 12.00
# Visual Studio 15
VisualStudioVersion = 15.0.26730.12
MinimumVisualStudioVersion = 10.0.40219.1
Project("{8BC9CEB8-8B4A-11D0-8D11-00A0C91BC942}") = "Wskaźniki", "Wskaźniki\Wskaźniki.vcxproj", "{F321C3D2-AEB7-4047-8FA0-8D94C10A226A}"
EndProject
Global
	GlobalSection(SolutionConfigurationPlatforms) = preSolution
		Debug|x64 = Debug|x64
		Debug|x86 = Debug|x86
		Release|x64 = Release|x64
		Release|x86 = Release|x86
	EndGlobalSection
	GlobalSection(ProjectConfigurationPlatforms) = postSolution
		{F321C3D2-AEB7-4047-8FA0-8D94C10A226A}.Debug|x64.ActiveCfg = Debug|x64
		{F321C3D2-AEB7-4047-8FA0-8D94C10A226A}.Debug|x64.Build.0 = Debug|x64
		{F321C3D2-AEB7-4047-8FA0-8D94C10A226A}.Debug|x86.ActiveCfg = Debug|Win32
		{F321C3D2-AEB7-4047-8FA0-8D94C10A226A}.Debug|x86.Build.0 = Debug|Win32
		{F321C3D2-AEB7-4047-8FA0-8D94C10A226A}.Release|x64.ActiveCfg = Release|x64
		{F321C3D2-AEB7-4047-8FA0-8D94C10A226A}.Release|x64.Build.0 = Release|x64
		{F321C3D2-AEB7-4047-8FA0-8D94C10A226A}.Release|x86.ActiveCfg = Release|Win32
		{F321C3D2-AEB7-4047-8FA0-8D94C10A226A}.Release|x86.Build.0 = Release|Win32
	EndGlobalSection
	GlobalSection(SolutionProperties) = preSolution
		HideSolutionNode = FALSE
	EndGlobalSection
	GlobalSection(ExtensibilityGlobals) = postSolution
		SolutionGuid = {169158C9-3F6D-4345-868B-267CB14AA547}
	EndGlobalSection
EndGlobal
